{
  "name": "CASCADES--continual-PEFT-for-Local-LLMs",
  "lockfileVersion": 3,
  "requires": true,
  "packages": {
    "": {
      "dependencies": {
        "antigravity-automation": "^1.6.0"
      }
    },
    "node_modules/antigravity-automation": {
      "version": "1.6.0",
      "resolved": "https://registry.npmjs.org/antigravity-automation/-/antigravity-automation-1.6.0.tgz",
      "integrity": "sha512-ICC+v2qwYsuxSD1noaX9Zky5yf4Bo76qXEgHFVnQIWCZFlrp1CkrwrKNcXupaNP4g3CmQjaTMMeJ9Ik5XvFmXw==",
      "license": "MIT",
      "dependencies": {
        "ws": ">=8.0.0"
      },
      "engines": {
        "node": ">=16.0.0"
      },
      "peerDependencies": {
        "ws": ">=8.0.0"
      }
    },
    "node_modules/ws": {
      "version": "8.19.0",
      "resolved": "https://registry.npmjs.org/ws/-/ws-8.19.0.tgz",
      "integrity": "sha512-blAT2mjOEIi0ZzruJfIhb3nps74PRWTCz1IjglWEEpQl5XS/UNama6u2/rjFkDDouqr4L67ry+1aGIALViWjDg==",
      "license": "MIT",
      "engines": {
        "node": ">=10.0.0"
      },
      "peerDependencies": {
        "bufferutil": "^4.0.1",
        "utf-8-validate": ">=5.0.2"
      },
      "peerDependenciesMeta": {
        "bufferutil": {
          "optional": true
        },
        "utf-8-validate": {
          "optional": true
        }
      }
    }
  }
}
